// !$*UTF8*$!
{
	archiveVersion = 1;
	classes = {
	};
	objectVersion = 56;
	objects = {

/* Begin PBXBuildFile section */
		DD86CA88297F3A00001F60A0 /* Launch Screen.storyboard in Resources */ = {isa = PBXBuildFile; fileRef = DD86CA87297F3A00001F60A0 /* Launch Screen.storyboard */; };
		DDA77A0D2988EED500ED34F7 /* LocalLegendView.swift in Sources */ = {isa = PBXBuildFile; fileRef = DDA77A0C2988EED500ED34F7 /* LocalLegendView.swift */; };
		DDD237C1296D117700796768 /* TheTahitiSurfBibleApp.swift in Sources */ = {isa = PBXBuildFile; fileRef = DDD237C0296D117700796768 /* TheTahitiSurfBibleApp.swift */; };
		DDD237C3296D117700796768 /* ContentView.swift in Sources */ = {isa = PBXBuildFile; fileRef = DDD237C2296D117700796768 /* ContentView.swift */; };
		DDD237C5296D117800796768 /* Assets.xcassets in Resources */ = {isa = PBXBuildFile; fileRef = DDD237C4296D117800796768 /* Assets.xcassets */; };
		DDD237C8296D117800796768 /* Preview Assets.xcassets in Resources */ = {isa = PBXBuildFile; fileRef = DDD237C7296D117800796768 /* Preview Assets.xcassets */; };
		DDD237D4296D124600796768 /* LocationsDataService.swift in Sources */ = {isa = PBXBuildFile; fileRef = DDD237D3296D124600796768 /* LocationsDataService.swift */; };
		DDD237D6296D126300796768 /* LocationsView.swift in Sources */ = {isa = PBXBuildFile; fileRef = DDD237D5296D126300796768 /* LocationsView.swift */; };
		DDD237D8296D127D00796768 /* LocationsListView.swift in Sources */ = {isa = PBXBuildFile; fileRef = DDD237D7296D127D00796768 /* LocationsListView.swift */; };
		DDD237DA296D12A100796768 /* LocationsMapAnnotationView.swift in Sources */ = {isa = PBXBuildFile; fileRef = DDD237D9296D12A100796768 /* LocationsMapAnnotationView.swift */; };
		DDD237DC296D12B900796768 /* LocationPreviewView.swift in Sources */ = {isa = PBXBuildFile; fileRef = DDD237DB296D12B900796768 /* LocationPreviewView.swift */; };
		DDD237DE296D12D500796768 /* LocationDetailView.swift in Sources */ = {isa = PBXBuildFile; fileRef = DDD237DD296D12D500796768 /* LocationDetailView.swift */; };
		DDD237E0296D12F000796768 /* LocationsViewModel.swift in Sources */ = {isa = PBXBuildFile; fileRef = DDD237DF296D12F000796768 /* LocationsViewModel.swift */; };
		DDD237E2296D130300796768 /* SavedViewModel.swift in Sources */ = {isa = PBXBuildFile; fileRef = DDD237E1296D130300796768 /* SavedViewModel.swift */; };
		DDD237E4296D131D00796768 /* Location.swift in Sources */ = {isa = PBXBuildFile; fileRef = DDD237E3296D131D00796768 /* Location.swift */; };
		DDEA39442982FB91003106F3 /* personal-surf-photos.swift in Sources */ = {isa = PBXBuildFile; fileRef = DDEA39432982FB91003106F3 /* personal-surf-photos.swift */; };
		DDEA394629832907003106F3 /* Photography_icon_page.swift in Sources */ = {isa = PBXBuildFile; fileRef = DDEA394529832907003106F3 /* Photography_icon_page.swift */; };
/* End PBXBuildFile section */

/* Begin PBXFileReference section */
		DD86CA87297F3A00001F60A0 /* Launch Screen.storyboard */ = {isa = PBXFileReference; lastKnownFileType = file.storyboard; path = "Launch Screen.storyboard"; sourceTree = "<group>"; };
		DD86CA89297F42CA001F60A0 /* Info.plist */ = {isa = PBXFileReference; lastKnownFileType = text.plist; path = Info.plist; sourceTree = "<group>"; };
		DDA77A0C2988EED500ED34F7 /* LocalLegendView.swift */ = {isa = PBXFileReference; lastKnownFileType = sourcecode.swift; path = LocalLegendView.swift; sourceTree = "<group>"; };
		DDD237BD296D117700796768 /* TheTahitiSurfBible.app */ = {isa = PBXFileReference; explicitFileType = wrapper.application; includeInIndex = 0; path = TheTahitiSurfBible.app; sourceTree = BUILT_PRODUCTS_DIR; };
		DDD237C0296D117700796768 /* TheTahitiSurfBibleApp.swift */ = {isa = PBXFileReference; lastKnownFileType = sourcecode.swift; path = TheTahitiSurfBibleApp.swift; sourceTree = "<group>"; };
		DDD237C2296D117700796768 /* ContentView.swift */ = {isa = PBXFileReference; lastKnownFileType = sourcecode.swift; path = ContentView.swift; sourceTree = "<group>"; };
		DDD237C4296D117800796768 /* Assets.xcassets */ = {isa = PBXFileReference; lastKnownFileType = folder.assetcatalog; path = Assets.xcassets; sourceTree = "<group>"; };
		DDD237C7296D117800796768 /* Preview Assets.xcassets */ = {isa = PBXFileReference; lastKnownFileType = folder.assetcatalog; path = "Preview Assets.xcassets"; sourceTree = "<group>"; };
		DDD237D3296D124600796768 /* LocationsDataService.swift */ = {isa = PBXFileReference; lastKnownFileType = sourcecode.swift; path = LocationsDataService.swift; sourceTree = "<group>"; };
		DDD237D5296D126300796768 /* LocationsView.swift */ = {isa = PBXFileReference; lastKnownFileType = sourcecode.swift; path = LocationsView.swift; sourceTree = "<group>"; };
		DDD237D7296D127D00796768 /* LocationsListView.swift */ = {isa = PBXFileReference; lastKnownFileType = sourcecode.swift; path = LocationsListView.swift; sourceTree = "<group>"; };
		DDD237D9296D12A100796768 /* LocationsMapAnnotationView.swift */ = {isa = PBXFileReference; lastKnownFileType = sourcecode.swift; path = LocationsMapAnnotationView.swift; sourceTree = "<group>"; };
		DDD237DB296D12B900796768 /* LocationPreviewView.swift */ = {isa = PBXFileReference; lastKnownFileType = sourcecode.swift; path = LocationPreviewView.swift; sourceTree = "<group>"; };
		DDD237DD296D12D500796768 /* LocationDetailView.swift */ = {isa = PBXFileReference; lastKnownFileType = sourcecode.swift; path = LocationDetailView.swift; sourceTree = "<group>"; };
		DDD237DF296D12F000796768 /* LocationsViewModel.swift */ = {isa = PBXFileReference; lastKnownFileType = sourcecode.swift; path = LocationsViewModel.swift; sourceTree = "<group>"; };
		DDD237E1296D130300796768 /* SavedViewModel.swift */ = {isa = PBXFileReference; lastKnownFileType = sourcecode.swift; path = SavedViewModel.swift; sourceTree = "<group>"; };
		DDD237E3296D131D00796768 /* Location.swift */ = {isa = PBXFileReference; lastKnownFileType = sourcecode.swift; path = Location.swift; sourceTree = "<group>"; };
		DDEA39432982FB91003106F3 /* personal-surf-photos.swift */ = {isa = PBXFileReference; lastKnownFileType = sourcecode.swift; path = "personal-surf-photos.swift"; sourceTree = "<group>"; };
		DDEA394529832907003106F3 /* Photography_icon_page.swift */ = {isa = PBXFileReference; lastKnownFileType = sourcecode.swift; path = Photography_icon_page.swift; sourceTree = "<group>"; };
/* End PBXFileReference section */

/* Begin PBXFrameworksBuildPhase section */
		DDD237BA296D117700796768 /* Frameworks */ = {
			isa = PBXFrameworksBuildPhase;
			buildActionMask = 2147483647;
			files = (
			);
			runOnlyForDeploymentPostprocessing = 0;
		};
/* End PBXFrameworksBuildPhase section */

/* Begin PBXGroup section */
		DDD237B4296D117700796768 = {
			isa = PBXGroup;
			children = (
				DDD237BF296D117700796768 /* TheTahitiSurfBible */,
				DDD237BE296D117700796768 /* Products */,
			);
			sourceTree = "<group>";
		};
		DDD237BE296D117700796768 /* Products */ = {
			isa = PBXGroup;
			children = (
				DDD237BD296D117700796768 /* TheTahitiSurfBible.app */,
			);
			name = Products;
			sourceTree = "<group>";
		};
		DDD237BF296D117700796768 /* TheTahitiSurfBible */ = {
			isa = PBXGroup;
			children = (
				DD86CA89297F42CA001F60A0 /* Info.plist */,
				DDD237C0296D117700796768 /* TheTahitiSurfBibleApp.swift */,
				DDD237C2296D117700796768 /* ContentView.swift */,
				DDD237CE296D11C700796768 /* DataServices */,
				DDD237CF296D11D100796768 /* Views */,
				DDD237D0296D11E300796768 /* ViewModels */,
				DDD237D1296D11EE00796768 /* Models */,
				DDD237C4296D117800796768 /* Assets.xcassets */,
				DDD237C6296D117800796768 /* Preview Content */,
				DD86CA87297F3A00001F60A0 /* Launch Screen.storyboard */,
			);
			path = TheTahitiSurfBible;
			sourceTree = "<group>";
		};
		DDD237C6296D117800796768 /* Preview Content */ = {
			isa = PBXGroup;
			children = (
				DDD237C7296D117800796768 /* Preview Assets.xcassets */,
			);
			path = "Preview Content";
			sourceTree = "<group>";
		};
		DDD237CE296D11C700796768 /* DataServices */ = {
			isa = PBXGroup;
			children = (
				DDD237D3296D124600796768 /* LocationsDataService.swift */,
			);
			path = DataServices;
			sourceTree = "<group>";
		};
		DDD237CF296D11D100796768 /* Views */ = {
			isa = PBXGroup;
			children = (
				DDD237D5296D126300796768 /* LocationsView.swift */,
				DDD237D7296D127D00796768 /* LocationsListView.swift */,
				DDD237DB296D12B900796768 /* LocationPreviewView.swift */,
				DDD237D9296D12A100796768 /* LocationsMapAnnotationView.swift */,
				DDD237DD296D12D500796768 /* LocationDetailView.swift */,
				DDEA39432982FB91003106F3 /* personal-surf-photos.swift */,
				DDEA394529832907003106F3 /* Photography_icon_page.swift */,
				DDA77A0C2988EED500ED34F7 /* LocalLegendView.swift */,
			);
			path = Views;
			sourceTree = "<group>";
		};
		DDD237D0296D11E300796768 /* ViewModels */ = {
			isa = PBXGroup;
			children = (
				DDD237DF296D12F000796768 /* LocationsViewModel.swift */,
				DDD237E1296D130300796768 /* SavedViewModel.swift */,
			);
			path = ViewModels;
			sourceTree = "<group>";
		};
		DDD237D1296D11EE00796768 /* Models */ = {
			isa = PBXGroup;
			children = (
				DDD237E3296D131D00796768 /* Location.swift */,
			);
			path = Models;
			sourceTree = "<group>";
		};
/* End PBXGroup section */

/* Begin PBXNativeTarget section */
		DDD237BC296D117700796768 /* TheTahitiSurfBible */ = {
			isa = PBXNativeTarget;
			buildConfigurationList = DDD237CB296D117800796768 /* Build configuration list for PBXNativeTarget "TheTahitiSurfBible" */;
			buildPhases = (
				DDD237B9296D117700796768 /* Sources */,
				DDD237BA296D117700796768 /* Frameworks */,
				DDD237BB296D117700796768 /* Resources */,
			);
			buildRules = (
			);
			dependencies = (
			);
			name = TheTahitiSurfBible;
			productName = TheTahitiSurfBible;
			productReference = DDD237BD296D117700796768 /* TheTahitiSurfBible.app */;
			productType = "com.apple.product-type.application";
		};
/* End PBXNativeTarget section */

/* Begin PBXProject section */
		DDD237B5296D117700796768 /* Project object */ = {
			isa = PBXProject;
			attributes = {
				BuildIndependentTargetsInParallel = 1;
				LastSwiftUpdateCheck = 1420;
				LastUpgradeCheck = 1420;
				TargetAttributes = {
					DDD237BC296D117700796768 = {
						CreatedOnToolsVersion = 14.2;
					};
				};
			};
			buildConfigurationList = DDD237B8296D117700796768 /* Build configuration list for PBXProject "TheTahitiSurfBible" */;
			compatibilityVersion = "Xcode 14.0";
			developmentRegion = en;
			hasScannedForEncodings = 0;
			knownRegions = (
				en,
				Base,
			);
			mainGroup = DDD237B4296D117700796768;
			productRefGroup = DDD237BE296D117700796768 /* Products */;
			projectDirPath = "";
			projectRoot = "";
			targets = (
				DDD237BC296D117700796768 /* TheTahitiSurfBible */,
			);
		};
/* End PBXProject section */

/* Begin PBXResourcesBuildPhase section */
		DDD237BB296D117700796768 /* Resources */ = {
			isa = PBXResourcesBuildPhase;
			buildActionMask = 2147483647;
			files = (
				DD86CA88297F3A00001F60A0 /* Launch Screen.storyboard in Resources */,
				DDD237C8296D117800796768 /* Preview Assets.xcassets in Resources */,
				DDD237C5296D117800796768 /* Assets.xcassets in Resources */,
			);
			runOnlyForDeploymentPostprocessing = 0;
		};
/* End PBXResourcesBuildPhase section */

/* Begin PBXSourcesBuildPhase section */
		DDD237B9296D117700796768 /* Sources */ = {
			isa = PBXSourcesBuildPhase;
			buildActionMask = 2147483647;
			files = (
				DDD237DA296D12A100796768 /* LocationsMapAnnotationView.swift in Sources */,
				DDA77A0D2988EED500ED34F7 /* LocalLegendView.swift in Sources */,
				DDD237E4296D131D00796768 /* Location.swift in Sources */,
				DDD237D8296D127D00796768 /* LocationsListView.swift in Sources */,
				DDEA394629832907003106F3 /* Photography_icon_page.swift in Sources */,
				DDD237DE296D12D500796768 /* LocationDetailView.swift in Sources */,
				DDEA39442982FB91003106F3 /* personal-surf-photos.swift in Sources */,
				DDD237C3296D117700796768 /* ContentView.swift in Sources */,
				DDD237E0296D12F000796768 /* LocationsViewModel.swift in Sources */,
				DDD237D6296D126300796768 /* LocationsView.swift in Sources */,
				DDD237E2296D130300796768 /* SavedViewModel.swift in Sources */,
				DDD237DC296D12B900796768 /* LocationPreviewView.swift in Sources */,
				DDD237C1296D117700796768 /* TheTahitiSurfBibleApp.swift in Sources */,
				DDD237D4296D124600796768 /* LocationsDataService.swift in Sources */,
			);
			runOnlyForDeploymentPostprocessing = 0;
		};
/* End PBXSourcesBuildPhase section */

/* Begin XCBuildConfiguration section */
		DDD237C9296D117800796768 /* Debug */ = {
			isa = XCBuildConfiguration;
			buildSettings = {
				ALWAYS_SEARCH_USER_PATHS = NO;
				CLANG_ANALYZER_NONNULL = YES;
				CLANG_ANALYZER_NUMBER_OBJECT_CONVERSION = YES_AGGRESSIVE;
				CLANG_CXX_LANGUAGE_STANDARD = "gnu++20";
				CLANG_ENABLE_MODULES = YES;
				CLANG_ENABLE_OBJC_ARC = YES;
				CLANG_ENABLE_OBJC_WEAK = YES;
				CLANG_WARN_BLOCK_CAPTURE_AUTORELEASING = YES;
				CLANG_WARN_BOOL_CONVERSION = YES;
				CLANG_WARN_COMMA = YES;
				CLANG_WARN_CONSTANT_CONVERSION = YES;
				CLANG_WARN_DEPRECATED_OBJC_IMPLEMENTATIONS = YES;
				CLANG_WARN_DIRECT_OBJC_ISA_USAGE = YES_ERROR;
				CLANG_WARN_DOCUMENTATION_COMMENTS = YES;
				CLANG_WARN_EMPTY_BODY = YES;
				CLANG_WARN_ENUM_CONVERSION = YES;
				CLANG_WARN_INFINITE_RECURSION = YES;
				CLANG_WARN_INT_CONVERSION = YES;
				CLANG_WARN_NON_LITERAL_NULL_CONVERSION = YES;
				CLANG_WARN_OBJC_IMPLICIT_RETAIN_SELF = YES;
				CLANG_WARN_OBJC_LITERAL_CONVERSION = YES;
				CLANG_WARN_OBJC_ROOT_CLASS = YES_ERROR;
				CLANG_WARN_QUOTED_INCLUDE_IN_FRAMEWORK_HEADER = YES;
				CLANG_WARN_RANGE_LOOP_ANALYSIS = YES;
				CLANG_WARN_STRICT_PROTOTYPES = YES;
				CLANG_WARN_SUSPICIOUS_MOVE = YES;
				CLANG_WARN_UNGUARDED_AVAILABILITY = YES_AGGRESSIVE;
				CLANG_WARN_UNREACHABLE_CODE = YES;
				CLANG_WARN__DUPLICATE_METHOD_MATCH = YES;
				COPY_PHASE_STRIP = NO;
				DEBUG_INFORMATION_FORMAT = dwarf;
				ENABLE_STRICT_OBJC_MSGSEND = YES;
				ENABLE_TESTABILITY = YES;
				GCC_C_LANGUAGE_STANDARD = gnu11;
				GCC_DYNAMIC_NO_PIC = NO;
				GCC_NO_COMMON_BLOCKS = YES;
				GCC_OPTIMIZATION_LEVEL = 0;
				GCC_PREPROCESSOR_DEFINITIONS = (
					"DEBUG=1",
					"$(inherited)",
				);
				GCC_WARN_64_TO_32_BIT_CONVERSION = YES;
				GCC_WARN_ABOUT_RETURN_TYPE = YES_ERROR;
				GCC_WARN_UNDECLARED_SELECTOR = YES;
				GCC_WARN_UNINITIALIZED_AUTOS = YES_AGGRESSIVE;
				GCC_WARN_UNUSED_FUNCTION = YES;
				GCC_WARN_UNUSED_VARIABLE = YES;
				IPHONEOS_DEPLOYMENT_TARGET = 16.2;
				MTL_ENABLE_DEBUG_INFO = INCLUDE_SOURCE;
				MTL_FAST_MATH = YES;
				ONLY_ACTIVE_ARCH = YES;
				SDKROOT = iphoneos;
				SWIFT_ACTIVE_COMPILATION_CONDITIONS = DEBUG;
				SWIFT_OPTIMIZATION_LEVEL = "-Onone";
			};
			name = Debug;
		};
		DDD237CA296D117800796768 /* Release */ = {
			isa = XCBuildConfiguration;
			buildSettings = {
				ALWAYS_SEARCH_USER_PATHS = NO;
				CLANG_ANALYZER_NONNULL = YES;
				CLANG_ANALYZER_NUMBER_OBJECT_CONVERSION = YES_AGGRESSIVE;
				CLANG_CXX_LANGUAGE_STANDARD = "gnu++20";
				CLANG_ENABLE_MODULES = YES;
				CLANG_ENABLE_OBJC_ARC = YES;
				CLANG_ENABLE_OBJC_WEAK = YES;
				CLANG_WARN_BLOCK_CAPTURE_AUTORELEASING = YES;
				CLANG_WARN_BOOL_CONVERSION = YES;
				CLANG_WARN_COMMA = YES;
				CLANG_WARN_CONSTANT_CONVERSION = YES;
				CLANG_WARN_DEPRECATED_OBJC_IMPLEMENTATIONS = YES;
				CLANG_WARN_DIRECT_OBJC_ISA_USAGE = YES_ERROR;
				CLANG_WARN_DOCUMENTATION_COMMENTS = YES;
				CLANG_WARN_EMPTY_BODY = YES;
				CLANG_WARN_ENUM_CONVERSION = YES;
				CLANG_WARN_INFINITE_RECURSION = YES;
				CLANG_WARN_INT_CONVERSION = YES;
				CLANG_WARN_NON_LITERAL_NULL_CONVERSION = YES;
				CLANG_WARN_OBJC_IMPLICIT_RETAIN_SELF = YES;
				CLANG_WARN_OBJC_LITERAL_CONVERSION = YES;
				CLANG_WARN_OBJC_ROOT_CLASS = YES_ERROR;
				CLANG_WARN_QUOTED_INCLUDE_IN_FRAMEWORK_HEADER = YES;
				CLANG_WARN_RANGE_LOOP_ANALYSIS = YES;
				CLANG_WARN_STRICT_PROTOTYPES = YES;
				CLANG_WARN_SUSPICIOUS_MOVE = YES;
				CLANG_WARN_UNGUARDED_AVAILABILITY = YES_AGGRESSIVE;
				CLANG_WARN_UNREACHABLE_CODE = YES;
				CLANG_WARN__DUPLICATE_METHOD_MATCH = YES;
				COPY_PHASE_STRIP = NO;
				DEBUG_INFORMATION_FORMAT = "dwarf-with-dsym";
				ENABLE_NS_ASSERTIONS = NO;
				ENABLE_STRICT_OBJC_MSGSEND = YES;
				GCC_C_LANGUAGE_STANDARD = gnu11;
				GCC_NO_COMMON_BLOCKS = YES;
				GCC_WARN_64_TO_32_BIT_CONVERSION = YES;
				GCC_WARN_ABOUT_RETURN_TYPE = YES_ERROR;
				GCC_WARN_UNDECLARED_SELECTOR = YES;
				GCC_WARN_UNINITIALIZED_AUTOS = YES_AGGRESSIVE;
				GCC_WARN_UNUSED_FUNCTION = YES;
				GCC_WARN_UNUSED_VARIABLE = YES;
				IPHONEOS_DEPLOYMENT_TARGET = 16.2;
				MTL_ENABLE_DEBUG_INFO = NO;
				MTL_FAST_MATH = YES;
				SDKROOT = iphoneos;
				SWIFT_COMPILATION_MODE = wholemodule;
				SWIFT_OPTIMIZATION_LEVEL = "-O";
				VALIDATE_PRODUCT = YES;
			};
			name = Release;
		};
		DDD237CC296D117800796768 /* Debug */ = {
			isa = XCBuildConfiguration;
			buildSettings = {
				ASSETCATALOG_COMPILER_APPICON_NAME = AppIcon;
				ASSETCATALOG_COMPILER_GLOBAL_ACCENT_COLOR_NAME = AccentColor;
				ASSETCATALOG_COMPILER_INCLUDE_ALL_APPICON_ASSETS = YES;
				CODE_SIGN_STYLE = Automatic;
				CURRENT_PROJECT_VERSION = 1;
				DEVELOPMENT_ASSET_PATHS = "\"TheTahitiSurfBible/Preview Content\"";
				DEVELOPMENT_TEAM = 9F3JPPB89L;
				ENABLE_PREVIEWS = YES;
				GENERATE_INFOPLIST_FILE = YES;
				INFOPLIST_FILE = TheTahitiSurfBible/Info.plist;
				INFOPLIST_KEY_CFBundleDisplayName = "The Tahiti Surf Bible";
				INFOPLIST_KEY_LSApplicationCategoryType = "public.app-category.travel";
				INFOPLIST_KEY_NSLocationWhenInUseUsageDescription = "This app needs your location to identify where you are";
				INFOPLIST_KEY_UIApplicationSceneManifest_Generation = YES;
				INFOPLIST_KEY_UIApplicationSupportsIndirectInputEvents = YES;
				INFOPLIST_KEY_UILaunchStoryboardName = "Launch Screen.storyboard";
				INFOPLIST_KEY_UISupportedInterfaceOrientations = "UIInterfaceOrientationLandscapeLeft UIInterfaceOrientationLandscapeRight UIInterfaceOrientationPortrait";
				INFOPLIST_KEY_UISupportedInterfaceOrientations_iPad = "UIInterfaceOrientationPortrait UIInterfaceOrientationPortraitUpsideDown";
				LD_RUNPATH_SEARCH_PATHS = (
					"$(inherited)",
					"@executable_path/Frameworks",
				);
				MARKETING_VERSION = 1.4;
				PRODUCT_BUNDLE_IDENTIFIER = xyz.jerad.TheTahitiSurfBible;
				PRODUCT_NAME = "$(TARGET_NAME)";
				SUPPORTED_PLATFORMS = "iphoneos iphonesimulator";
				SUPPORTS_MACCATALYST = NO;
				SUPPORTS_MAC_DESIGNED_FOR_IPHONE_IPAD = NO;
				SWIFT_EMIT_LOC_STRINGS = YES;
				SWIFT_VERSION = 5.0;
				TARGETED_DEVICE_FAMILY = "1,2";
			};
			name = Debug;
		};
		DDD237CD296D117800796768 /* Release */ = {
			isa = XCBuildConfiguration;
			buildSettings = {
				ASSETCATALOG_COMPILER_APPICON_NAME = AppIcon;
				ASSETCATALOG_COMPILER_GLOBAL_ACCENT_COLOR_NAME = AccentColor;
				ASSETCATALOG_COMPILER_INCLUDE_ALL_APPICON_ASSETS = YES;
				CODE_SIGN_STYLE = Automatic;
				CURRENT_PROJECT_VERSION = 1;
				DEVELOPMENT_ASSET_PATHS = "\"TheTahitiSurfBible/Preview Content\"";
				DEVELOPMENT_TEAM = 9F3JPPB89L;
				ENABLE_PREVIEWS = YES;
				GENERATE_INFOPLIST_FILE = YES;
				INFOPLIST_FILE = TheTahitiSurfBible/Info.plist;
				INFOPLIST_KEY_CFBundleDisplayName = "The Tahiti Surf Bible";
				INFOPLIST_KEY_LSApplicationCategoryType = "public.app-category.travel";
				INFOPLIST_KEY_NSLocationWhenInUseUsageDescription = "This app needs your location to identify where you are";
				INFOPLIST_KEY_UIApplicationSceneManifest_Generation = YES;
				INFOPLIST_KEY_UIApplicationSupportsIndirectInputEvents = YES;
				INFOPLIST_KEY_UILaunchStoryboardName = "Launch Screen.storyboard";
				INFOPLIST_KEY_UISupportedInterfaceOrientations = "UIInterfaceOrientationLandscapeLeft UIInterfaceOrientationLandscapeRight UIInterfaceOrientationPortrait";
				INFOPLIST_KEY_UISupportedInterfaceOrientations_iPad = "UIInterfaceOrientationPortrait UIInterfaceOrientationPortraitUpsideDown";
				LD_RUNPATH_SEARCH_PATHS = (
					"$(inherited)",
					"@executable_path/Frameworks",
				);
				MARKETING_VERSION = 1.4;
				PRODUCT_BUNDLE_IDENTIFIER = xyz.jerad.TheTahitiSurfBible;
				PRODUCT_NAME = "$(TARGET_NAME)";
				SUPPORTED_PLATFORMS = "iphoneos iphonesimulator";
				SUPPORTS_MACCATALYST = NO;
				SUPPORTS_MAC_DESIGNED_FOR_IPHONE_IPAD = NO;
				SWIFT_EMIT_LOC_STRINGS = YES;
				SWIFT_VERSION = 5.0;
				TARGETED_DEVICE_FAMILY = "1,2";
			};
			name = Release;
		};
/* End XCBuildConfiguration section */

/* Begin XCConfigurationList section */
		DDD237B8296D117700796768 /* Build configuration list for PBXProject "TheTahitiSurfBible" */ = {
			isa = XCConfigurationList;
			buildConfigurations = (
				DDD237C9296D117800796768 /* Debug */,
				DDD237CA296D117800796768 /* Release */,
			);
			defaultConfigurationIsVisible = 0;
			defaultConfigurationName = Release;
		};
		DDD237CB296D117800796768 /* Build configuration list for PBXNativeTarget "TheTahitiSurfBible" */ = {
			isa = XCConfigurationList;
			buildConfigurations = (
				DDD237CC296D117800796768 /* Debug */,
				DDD237CD296D117800796768 /* Release */,
			);
			defaultConfigurationIsVisible = 0;
			defaultConfigurationName = Release;
		};
/* End XCConfigurationList section */
	};
	rootObject = DDD237B5296D117700796768 /* Project object */;
}
